
Microsoft Visual Studio Solution File, Format Version 12.00
# Visual Studio Version 17
VisualStudioVersion = 17.13.35806.99
MinimumVisualStudioVersion = 10.0.40219.1
Project("{FAE04EC0-301F-11D3-BF4B-00C04F79EFBC}") = "GoT", "F:\work\.net\VB\GoT\GoT\GoT.csproj", "{AFFC918F-3B29-4D2F-85DE-0756EE1F17A5}"
EndProject
Project("{54435603-DBB4-11D2-8724-00A0C9A8B90C}") = "GoT_Install", "F:\work\.net\VB\GoT\GoT_Install\GoT_Install.vdproj", "{5B126F28-417A-67E1-8509-E4A7A645BEEB}"
EndProject
Global
	GlobalSection(SolutionConfigurationPlatforms) = preSolution
		Debug|Any CPU = Debug|Any CPU
		Release|Any CPU = Release|Any CPU
	EndGlobalSection
	GlobalSection(ProjectConfigurationPlatforms) = postSolution
		{AFFC918F-3B29-4D2F-85DE-0756EE1F17A5}.Debug|Any CPU.ActiveCfg = Debug|Any CPU
		{AFFC918F-3B29-4D2F-85DE-0756EE1F17A5}.Debug|Any CPU.Build.0 = Debug|Any CPU
		{AFFC918F-3B29-4D2F-85DE-0756EE1F17A5}.Release|Any CPU.ActiveCfg = Release|Any CPU
		{AFFC918F-3B29-4D2F-85DE-0756EE1F17A5}.Release|Any CPU.Build.0 = Release|Any CPU
		{5B126F28-417A-67E1-8509-E4A7A645BEEB}.Debug|Any CPU.ActiveCfg = Debug|Any CPU
		{5B126F28-417A-67E1-8509-E4A7A645BEEB}.Debug|Any CPU.Build.0 = Debug|Any CPU
		{5B126F28-417A-67E1-8509-E4A7A645BEEB}.Release|Any CPU.ActiveCfg = Release|Any CPU
		{5B126F28-417A-67E1-8509-E4A7A645BEEB}.Release|Any CPU.Build.0 = Release|Any CPU
	EndGlobalSection
	GlobalSection(SolutionProperties) = preSolution
		HideSolutionNode = FALSE
	EndGlobalSection
	GlobalSection(ExtensibilityGlobals) = postSolution
		SolutionGuid = {22F34AEC-2579-45C7-8083-705E01B69880}
	EndGlobalSection
EndGlobal
